
Microsoft Visual Studio Solution File, Format Version 12.00
# Visual Studio 15
VisualStudioVersion = 15.0.28307.705
MinimumVisualStudioVersion = 10.0.40219.1
Project("{FAE04EC0-301F-11D3-BF4B-00C04F79EFBC}") = "2nd Class Dec Float Double", "2nd Class Dec Float Double\2nd Class Dec Float Double.csproj", "{D6A58CA2-F503-441B-8332-5198655F035A}"
EndProject
Global
	GlobalSection(SolutionConfigurationPlatforms) = preSolution
		Debug|Any CPU = Debug|Any CPU
		Release|Any CPU = Release|Any CPU
	EndGlobalSection
	GlobalSection(ProjectConfigurationPlatforms) = postSolution
		{D6A58CA2-F503-441B-8332-5198655F035A}.Debug|Any CPU.ActiveCfg = Debug|Any CPU
		{D6A58CA2-F503-441B-8332-5198655F035A}.Debug|Any CPU.Build.0 = Debug|Any CPU
		{D6A58CA2-F503-441B-8332-5198655F035A}.Release|Any CPU.ActiveCfg = Release|Any CPU
		{D6A58CA2-F503-441B-8332-5198655F035A}.Release|Any CPU.Build.0 = Release|Any CPU
	EndGlobalSection
	GlobalSection(SolutionProperties) = preSolution
		HideSolutionNode = FALSE
	EndGlobalSection
	GlobalSection(ExtensibilityGlobals) = postSolution
		SolutionGuid = {FE66E9F2-03A9-4827-9407-B8B4EE6F4A70}
	EndGlobalSection
EndGlobal
